
Microsoft Visual Studio Solution File, Format Version 12.00
Project("{FAE04EC0-301F-11D3-BF4B-00C04F79EFBC}") = "Laboratorna_6_1_REC", "Laboratorna_6_1_REC\Laboratorna_6_1_REC.csproj", "{8D19C7A2-3723-48D6-92BE-FD5A99BE149D}"
EndProject
Project("{FAE04EC0-301F-11D3-BF4B-00C04F79EFBC}") = "Laboratorna_6_1_REC.Tests", "Laboratorna_6_1_REC.Tests\Laboratorna_6_1_REC.Tests.csproj", "{2DC68DCE-5E49-4DE4-A465-5304B5857649}"
EndProject
Global
	GlobalSection(SolutionConfigurationPlatforms) = preSolution
		Debug|Any CPU = Debug|Any CPU
		Release|Any CPU = Release|Any CPU
	EndGlobalSection
	GlobalSection(ProjectConfigurationPlatforms) = postSolution
		{8D19C7A2-3723-48D6-92BE-FD5A99BE149D}.Debug|Any CPU.ActiveCfg = Debug|Any CPU
		{8D19C7A2-3723-48D6-92BE-FD5A99BE149D}.Debug|Any CPU.Build.0 = Debug|Any CPU
		{8D19C7A2-3723-48D6-92BE-FD5A99BE149D}.Release|Any CPU.ActiveCfg = Release|Any CPU
		{8D19C7A2-3723-48D6-92BE-FD5A99BE149D}.Release|Any CPU.Build.0 = Release|Any CPU
		{2DC68DCE-5E49-4DE4-A465-5304B5857649}.Debug|Any CPU.ActiveCfg = Debug|Any CPU
		{2DC68DCE-5E49-4DE4-A465-5304B5857649}.Debug|Any CPU.Build.0 = Debug|Any CPU
		{2DC68DCE-5E49-4DE4-A465-5304B5857649}.Release|Any CPU.ActiveCfg = Release|Any CPU
		{2DC68DCE-5E49-4DE4-A465-5304B5857649}.Release|Any CPU.Build.0 = Release|Any CPU
	EndGlobalSection
EndGlobal
